
Microsoft Visual Studio Solution File, Format Version 12.00
# Visual Studio Version 17
VisualStudioVersion = 17.5.002.0
MinimumVisualStudioVersion = 10.0.40219.1
Project("{9A19103F-16F7-4668-BE54-9A1E7A4F7556}") = "Exemplo5", "Exemplo5.csproj", "{29B045EA-2D53-412C-B204-DB44A58F51CE}"
EndProject
Global
	GlobalSection(SolutionConfigurationPlatforms) = preSolution
		Debug|Any CPU = Debug|Any CPU
		Release|Any CPU = Release|Any CPU
	EndGlobalSection
	GlobalSection(ProjectConfigurationPlatforms) = postSolution
		{29B045EA-2D53-412C-B204-DB44A58F51CE}.Debug|Any CPU.ActiveCfg = Debug|Any CPU
		{29B045EA-2D53-412C-B204-DB44A58F51CE}.Debug|Any CPU.Build.0 = Debug|Any CPU
		{29B045EA-2D53-412C-B204-DB44A58F51CE}.Release|Any CPU.ActiveCfg = Release|Any CPU
		{29B045EA-2D53-412C-B204-DB44A58F51CE}.Release|Any CPU.Build.0 = Release|Any CPU
	EndGlobalSection
	GlobalSection(SolutionProperties) = preSolution
		HideSolutionNode = FALSE
	EndGlobalSection
	GlobalSection(ExtensibilityGlobals) = postSolution
		SolutionGuid = {69C5773B-7CD9-4D84-8C9D-F27E7487DF7B}
	EndGlobalSection
EndGlobal
